
Microsoft Visual Studio Solution File, Format Version 12.00
# Visual Studio Version 17
VisualStudioVersion = 17.8.34525.116
MinimumVisualStudioVersion = 10.0.40219.1
Project("{2150E333-8FDC-42A3-9474-1A3956D46DE8}") = "Application", "Application", "{5B17CB24-8451-47C1-90AA-EDB322FD1E92}"
EndProject
Project("{2150E333-8FDC-42A3-9474-1A3956D46DE8}") = "Domain", "Domain", "{A67DF2B5-3299-49B6-99E7-54B3AF6F9406}"
EndProject
Project("{2150E333-8FDC-42A3-9474-1A3956D46DE8}") = "Infraestructura", "Infraestructura", "{65462090-6007-4A48-BD0F-698717E01993}"
EndProject
Project("{2150E333-8FDC-42A3-9474-1A3956D46DE8}") = "Services", "Services", "{CB05A8C7-3342-49FE-BFF8-5ABCA19AFCE9}"
EndProject
Project("{2150E333-8FDC-42A3-9474-1A3956D46DE8}") = "Utilities", "Utilities", "{B849EC2E-8443-421C-842A-17DA1168BAF7}"
EndProject
Project("{9A19103F-16F7-4668-BE54-9A1E7A4F7556}") = "CLINICA.Domain", "src\CLINICA.Domain\CLINICA.Domain.csproj", "{9C28F7C7-DB5B-4A3A-8393-9F15230FB975}"
EndProject
Project("{9A19103F-16F7-4668-BE54-9A1E7A4F7556}") = "CLINICA.Application.Dtos", "src\CLINICA.Application.Dtos\CLINICA.Application.Dtos.csproj", "{7820195C-86E9-41E6-9F59-0DAA0AE7CCE0}"
EndProject
Project("{9A19103F-16F7-4668-BE54-9A1E7A4F7556}") = "CLINICA.Application.Interfaces", "src\CLINICA.Application.Interfaces\CLINICA.Application.Interfaces.csproj", "{872BDC95-5047-4AF4-B67B-EF0295AA46F0}"
EndProject
Project("{9A19103F-16F7-4668-BE54-9A1E7A4F7556}") = "CLINICA.Application.UseCase", "src\CLINICA.Application.UseCase\CLINICA.Application.UseCase.csproj", "{BF3DF881-D680-4D38-967B-D3DE11DDEFE7}"
EndProject
Project("{9A19103F-16F7-4668-BE54-9A1E7A4F7556}") = "CLINICA.Infraestructura", "src\CLINICA.Infraestructura\CLINICA.Infraestructura.csproj", "{9DBE6D06-1372-4D5A-BA44-59D2BC56180E}"
EndProject
Project("{9A19103F-16F7-4668-BE54-9A1E7A4F7556}") = "CLINICA.Persistencia", "src\CLINICA.Persistencia\CLINICA.Persistencia.csproj", "{3D5A4E2E-7281-4E8B-8539-877A51564B5C}"
EndProject
Project("{9A19103F-16F7-4668-BE54-9A1E7A4F7556}") = "CLINICA.Utilities", "src\CLINICA.Utilities\CLINICA.Utilities.csproj", "{AD5C032A-3ED4-4C2E-82BB-F783E628C0A1}"
EndProject
Project("{9A19103F-16F7-4668-BE54-9A1E7A4F7556}") = "CLINICA.Api", "src\CLINICA.Api\CLINICA.Api.csproj", "{7994957D-B0E7-4B82-9474-220EA907A5AC}"
EndProject
Project("{2150E333-8FDC-42A3-9474-1A3956D46DE8}") = "BD", "BD", "{EE5C69B1-0772-4804-8A87-32A15012BB07}"
	ProjectSection(SolutionItems) = preProject
		notepad.txt = notepad.txt
	EndProjectSection
EndProject
Global
	GlobalSection(SolutionConfigurationPlatforms) = preSolution
		Debug|Any CPU = Debug|Any CPU
		Release|Any CPU = Release|Any CPU
	EndGlobalSection
	GlobalSection(ProjectConfigurationPlatforms) = postSolution
		{9C28F7C7-DB5B-4A3A-8393-9F15230FB975}.Debug|Any CPU.ActiveCfg = Debug|Any CPU
		{9C28F7C7-DB5B-4A3A-8393-9F15230FB975}.Debug|Any CPU.Build.0 = Debug|Any CPU
		{9C28F7C7-DB5B-4A3A-8393-9F15230FB975}.Release|Any CPU.ActiveCfg = Release|Any CPU
		{9C28F7C7-DB5B-4A3A-8393-9F15230FB975}.Release|Any CPU.Build.0 = Release|Any CPU
		{7820195C-86E9-41E6-9F59-0DAA0AE7CCE0}.Debug|Any CPU.ActiveCfg = Debug|Any CPU
		{7820195C-86E9-41E6-9F59-0DAA0AE7CCE0}.Debug|Any CPU.Build.0 = Debug|Any CPU
		{7820195C-86E9-41E6-9F59-0DAA0AE7CCE0}.Release|Any CPU.ActiveCfg = Release|Any CPU
		{7820195C-86E9-41E6-9F59-0DAA0AE7CCE0}.Release|Any CPU.Build.0 = Release|Any CPU
		{872BDC95-5047-4AF4-B67B-EF0295AA46F0}.Debug|Any CPU.ActiveCfg = Debug|Any CPU
		{872BDC95-5047-4AF4-B67B-EF0295AA46F0}.Debug|Any CPU.Build.0 = Debug|Any CPU
		{872BDC95-5047-4AF4-B67B-EF0295AA46F0}.Release|Any CPU.ActiveCfg = Release|Any CPU
		{872BDC95-5047-4AF4-B67B-EF0295AA46F0}.Release|Any CPU.Build.0 = Release|Any CPU
		{BF3DF881-D680-4D38-967B-D3DE11DDEFE7}.Debug|Any CPU.ActiveCfg = Debug|Any CPU
		{BF3DF881-D680-4D38-967B-D3DE11DDEFE7}.Debug|Any CPU.Build.0 = Debug|Any CPU
		{BF3DF881-D680-4D38-967B-D3DE11DDEFE7}.Release|Any CPU.ActiveCfg = Release|Any CPU
		{BF3DF881-D680-4D38-967B-D3DE11DDEFE7}.Release|Any CPU.Build.0 = Release|Any CPU
		{9DBE6D06-1372-4D5A-BA44-59D2BC56180E}.Debug|Any CPU.ActiveCfg = Debug|Any CPU
		{9DBE6D06-1372-4D5A-BA44-59D2BC56180E}.Debug|Any CPU.Build.0 = Debug|Any CPU
		{9DBE6D06-1372-4D5A-BA44-59D2BC56180E}.Release|Any CPU.ActiveCfg = Release|Any CPU
		{9DBE6D06-1372-4D5A-BA44-59D2BC56180E}.Release|Any CPU.Build.0 = Release|Any CPU
		{3D5A4E2E-7281-4E8B-8539-877A51564B5C}.Debug|Any CPU.ActiveCfg = Debug|Any CPU
		{3D5A4E2E-7281-4E8B-8539-877A51564B5C}.Debug|Any CPU.Build.0 = Debug|Any CPU
		{3D5A4E2E-7281-4E8B-8539-877A51564B5C}.Release|Any CPU.ActiveCfg = Release|Any CPU
		{3D5A4E2E-7281-4E8B-8539-877A51564B5C}.Release|Any CPU.Build.0 = Release|Any CPU
		{AD5C032A-3ED4-4C2E-82BB-F783E628C0A1}.Debug|Any CPU.ActiveCfg = Debug|Any CPU
		{AD5C032A-3ED4-4C2E-82BB-F783E628C0A1}.Debug|Any CPU.Build.0 = Debug|Any CPU
		{AD5C032A-3ED4-4C2E-82BB-F783E628C0A1}.Release|Any CPU.ActiveCfg = Release|Any CPU
		{AD5C032A-3ED4-4C2E-82BB-F783E628C0A1}.Release|Any CPU.Build.0 = Release|Any CPU
		{7994957D-B0E7-4B82-9474-220EA907A5AC}.Debug|Any CPU.ActiveCfg = Debug|Any CPU
		{7994957D-B0E7-4B82-9474-220EA907A5AC}.Debug|Any CPU.Build.0 = Debug|Any CPU
		{7994957D-B0E7-4B82-9474-220EA907A5AC}.Release|Any CPU.ActiveCfg = Release|Any CPU
		{7994957D-B0E7-4B82-9474-220EA907A5AC}.Release|Any CPU.Build.0 = Release|Any CPU
	EndGlobalSection
	GlobalSection(SolutionProperties) = preSolution
		HideSolutionNode = FALSE
	EndGlobalSection
	GlobalSection(NestedProjects) = preSolution
		{9C28F7C7-DB5B-4A3A-8393-9F15230FB975} = {A67DF2B5-3299-49B6-99E7-54B3AF6F9406}
		{7820195C-86E9-41E6-9F59-0DAA0AE7CCE0} = {5B17CB24-8451-47C1-90AA-EDB322FD1E92}
		{872BDC95-5047-4AF4-B67B-EF0295AA46F0} = {5B17CB24-8451-47C1-90AA-EDB322FD1E92}
		{BF3DF881-D680-4D38-967B-D3DE11DDEFE7} = {5B17CB24-8451-47C1-90AA-EDB322FD1E92}
		{9DBE6D06-1372-4D5A-BA44-59D2BC56180E} = {65462090-6007-4A48-BD0F-698717E01993}
		{3D5A4E2E-7281-4E8B-8539-877A51564B5C} = {65462090-6007-4A48-BD0F-698717E01993}
		{AD5C032A-3ED4-4C2E-82BB-F783E628C0A1} = {B849EC2E-8443-421C-842A-17DA1168BAF7}
		{7994957D-B0E7-4B82-9474-220EA907A5AC} = {CB05A8C7-3342-49FE-BFF8-5ABCA19AFCE9}
	EndGlobalSection
	GlobalSection(ExtensibilityGlobals) = postSolution
		SolutionGuid = {96989C17-91CB-43E0-A88F-DE1EA8E064B2}
	EndGlobalSection
EndGlobal
